
Microsoft Visual Studio Solution File, Format Version 12.00
# Visual Studio Version 17
VisualStudioVersion = 17.4.33205.214
MinimumVisualStudioVersion = 10.0.40219.1
Project("{FAE04EC0-301F-11D3-BF4B-00C04F79EFBC}") = "Fiorello", "Fiorello\Fiorello.csproj", "{67CC4014-0856-4F04-B9A7-C25C5332685E}"
EndProject
Global
	GlobalSection(SolutionConfigurationPlatforms) = preSolution
		Debug|Any CPU = Debug|Any CPU
		Release|Any CPU = Release|Any CPU
	EndGlobalSection
	GlobalSection(ProjectConfigurationPlatforms) = postSolution
		{67CC4014-0856-4F04-B9A7-C25C5332685E}.Debug|Any CPU.ActiveCfg = Debug|Any CPU
		{67CC4014-0856-4F04-B9A7-C25C5332685E}.Debug|Any CPU.Build.0 = Debug|Any CPU
		{67CC4014-0856-4F04-B9A7-C25C5332685E}.Release|Any CPU.ActiveCfg = Release|Any CPU
		{67CC4014-0856-4F04-B9A7-C25C5332685E}.Release|Any CPU.Build.0 = Release|Any CPU
	EndGlobalSection
	GlobalSection(SolutionProperties) = preSolution
		HideSolutionNode = FALSE
	EndGlobalSection
	GlobalSection(ExtensibilityGlobals) = postSolution
		SolutionGuid = {A9936B50-1EAF-472C-B8D3-0952AFB00A4C}
	EndGlobalSection
EndGlobal
